	<Project xmlns="http://schemas.microsoft.com/developer/msbuild/2003">
		<PropertyGroup>
			<ProjectGuid>{4DC438AA-C768-4118-8B28-318308C78972}</ProjectGuid>
			<MainSource>pharmalife.dpr</MainSource>
			<Base>True</Base>
			<Config Condition="'$(Config)'==''">Debug</Config>
			<Platform>Win32</Platform>
			<AppType>Application</AppType>
			<FrameworkType>VCL</FrameworkType>
			<DCC_DCCCompiler>DCC32</DCC_DCCCompiler>
			<ProjectVersion>12.3</ProjectVersion>
		</PropertyGroup>
		<PropertyGroup Condition="'$(Config)'=='Base' or '$(Base)'!=''">
			<Base>true</Base>
		</PropertyGroup>
		<PropertyGroup Condition="'$(Config)'=='Release' or '$(Cfg_1)'!=''">
			<Cfg_1>true</Cfg_1>
			<CfgParent>Base</CfgParent>
			<Base>true</Base>
		</PropertyGroup>
		<PropertyGroup Condition="'$(Config)'=='Debug' or '$(Cfg_2)'!=''">
			<Cfg_2>true</Cfg_2>
			<CfgParent>Base</CfgParent>
			<Base>true</Base>
		</PropertyGroup>
		<PropertyGroup Condition="'$(Base)'!=''">
			<DCC_DependencyCheckOutputName>pharmalife.exe</DCC_DependencyCheckOutputName>
			<DCC_UsePackage>vcl;rtl;vclx;indy;inet;xmlrtl;vclie;inetdbbde;inetdbxpress;dbrtl;dsnap;dsnapcon;vcldb;soaprtl;VclSmp;dbexpress;dbxcds;inetdb;bdertl;vcldbx;webdsnap;websnap;adortl;ibxpress;teeui;teedb;tee;dss;visualclx;visualdbclx;vclactnband;vclshlctrls;IntrawebDB_50_70;Intraweb_50_70;Rave50CLX;Rave50VCL;dclOfficeXP</DCC_UsePackage>
			<DCC_SymbolReferenceInfo>1</DCC_SymbolReferenceInfo>
			<DCC_ImageBase>00400000</DCC_ImageBase>
			<DCC_UnitAlias>WinTypes=Windows;WinProcs=Windows;DbiTypes=BDE;DbiProcs=BDE;DbiErrs=BDE;WinTypes=Windows;WinProcs=Windows;$(DCC_UnitAlias)</DCC_UnitAlias>
			<DCC_Description>SGF - TCC</DCC_Description>
			<DCC_N>true</DCC_N>
			<DCC_S>false</DCC_S>
			<DCC_K>false</DCC_K>
			<DCC_E>false</DCC_E>
			<DCC_F>false</DCC_F>
		</PropertyGroup>
		<PropertyGroup Condition="'$(Cfg_1)'!=''">
			<DCC_LocalDebugSymbols>false</DCC_LocalDebugSymbols>
			<DCC_Define>RELEASE;$(DCC_Define)</DCC_Define>
			<DCC_SymbolReferenceInfo>0</DCC_SymbolReferenceInfo>
			<DCC_DebugInformation>false</DCC_DebugInformation>
		</PropertyGroup>
		<PropertyGroup Condition="'$(Cfg_2)'!=''">
			<DCC_Define>DEBUG;$(DCC_Define)</DCC_Define>
			<DCC_Optimize>false</DCC_Optimize>
			<DCC_GenerateStackFrames>true</DCC_GenerateStackFrames>
		</PropertyGroup>
		<ItemGroup>
			<DelphiCompile Include="pharmalife.dpr">
				<MainSource>MainSource</MainSource>
			</DelphiCompile>
			<DCCReference Include="U_Login.pas">
				<Form>FrmLogin</Form>
			</DCCReference>
			<DCCReference Include="unitPesquisaRapidaProdutos.pas">
				<Form>frmPesquisaRapidaProdutos</Form>
			</DCCReference>
			<DCCReference Include="untCadastroP.pas">
				<Form>frmCadastroGeral</Form>
			</DCCReference>
			<DCCReference Include="untCadastroProdutos.pas">
				<Form>frmCadastroProdutos</Form>
			</DCCReference>
			<DCCReference Include="untcadCategorias.pas">
				<Form>frmCadastroCategorias</Form>
			</DCCReference>
			<DCCReference Include="untClasses.pas"/>
			<DCCReference Include="untMenu.pas">
				<Form>frmMenu</Form>
			</DCCReference>
			<DCCReference Include="untPesquisaGeral.pas">
				<Form>frmPesquisaGeral</Form>
			</DCCReference>
			<DCCReference Include="untPesquisaGrupos.pas">
				<Form>frmPesquisaGrupos</Form>
			</DCCReference>
			<DCCReference Include="untPesquisaLaboratorios.pas">
				<Form>frmPesquisaLab</Form>
			</DCCReference>
			<DCCReference Include="untPesquisaProdutos.pas">
				<Form>frmPesquisaProdutos</Form>
			</DCCReference>
			<DCCReference Include="untPesquisaRapidaForne.pas">
				<Form>frmPesquisaRapidaForn</Form>
			</DCCReference>
			<DCCReference Include="uSobre.pas">
				<Form>frmSobre</Form>
			</DCCReference>
			<DCCReference Include="untCadastroClientes.pas">
				<Form>frmCadastroClientes</Form>
			</DCCReference>
			<DCCReference Include="untCadastroForncedor.pas">
				<Form>frmCadastroForncedor</Form>
			</DCCReference>
			<DCCReference Include="untCadastroLaboratorios.pas">
				<Form>frmCadastroLaboratorios</Form>
			</DCCReference>
			<DCCReference Include="untCadastroGrupos.pas">
				<Form>frmCadastroGrupos</Form>
			</DCCReference>
			<DCCReference Include="untBanco.pas">
				<Form>dtmServer</Form>
				<DesignClass>TDataModule</DesignClass>
			</DCCReference>
			<DCCReference Include="untMSG.pas"/>
			<DCCReference Include="uCadastroUsuarios.pas">
				<Form>frmCadastroUsuarios</Form>
			</DCCReference>
			<DCCReference Include="uBaseDados.pas">
				<Form>frmConfig</Form>
			</DCCReference>
			<DCCReference Include="uPesquisaProd.pas">
				<Form>frmPesquisaProd</Form>
			</DCCReference>
			<DCCReference Include="USplash.pas">
				<Form>FrmSplash</Form>
			</DCCReference>
			<DCCReference Include="udmMovimentacao.pas">
				<Form>dmMovimentacao</Form>
				<DesignClass>TDataModule</DesignClass>
			</DCCReference>
			<DCCReference Include="untCadastroMovimentacoes.pas">
				<Form>frmCadastroMov</Form>
			</DCCReference>
			<DCCReference Include="udmCadCliente.pas">
				<Form>dmCadCliente</Form>
				<DesignClass>TDataModule</DesignClass>
			</DCCReference>
			<DCCReference Include="udmfornecedor.pas">
				<Form>dmfornecedor</Form>
				<DesignClass>TDataModule</DesignClass>
			</DCCReference>
			<DCCReference Include="udmcadgrupo.pas">
				<Form>dtmcadgrupo</Form>
				<DesignClass>TDataModule</DesignClass>
			</DCCReference>
			<DCCReference Include="ucadlaboratorio.pas">
				<Form>dmcadlab</Form>
				<DesignClass>TDataModule</DesignClass>
			</DCCReference>
			<DCCReference Include="udmcadcategoria.pas">
				<Form>dmcadcategoria</Form>
				<DesignClass>TDataModule</DesignClass>
			</DCCReference>
			<DCCReference Include="ucadprodutos.pas">
				<Form>dmcadproduto</Form>
				<DesignClass>TDataModule</DesignClass>
			</DCCReference>
			<DCCReference Include="udmcadUsuario.pas">
				<Form>dmCadUsuario</Form>
				<DesignClass>TDataModule</DesignClass>
			</DCCReference>
			<DCCReference Include="untPesquisaClientes.pas">
				<Form>frmPesquisaClientes</Form>
			</DCCReference>
			<DCCReference Include="untPesquisaFornecedor.pas">
				<Form>frmPesquisaForncedor</Form>
			</DCCReference>
			<DCCReference Include="udmRelatorios.pas">
				<Form>dtmRelatorio</Form>
				<DesignClass>TDataModule</DesignClass>
			</DCCReference>
			<BuildConfiguration Include="Base">
				<Key>Base</Key>
			</BuildConfiguration>
			<BuildConfiguration Include="Debug">
				<Key>Cfg_2</Key>
				<CfgParent>Base</CfgParent>
			</BuildConfiguration>
			<BuildConfiguration Include="Release">
				<Key>Cfg_1</Key>
				<CfgParent>Base</CfgParent>
			</BuildConfiguration>
		</ItemGroup>
		<Import Project="$(BDS)\Bin\CodeGear.Delphi.Targets" Condition="Exists('$(BDS)\Bin\CodeGear.Delphi.Targets')"/>
		<ProjectExtensions>
			<Borland.Personality>Delphi.Personality.12</Borland.Personality>
			<Borland.ProjectType>VCLApplication</Borland.ProjectType>
			<BorlandProject>
				<Delphi.Personality>
					<Source>
						<Source Name="MainSource">pharmalife.dpr</Source>
					</Source>
					<VersionInfo>
						<VersionInfo Name="IncludeVerInfo">True</VersionInfo>
						<VersionInfo Name="AutoIncBuild">False</VersionInfo>
						<VersionInfo Name="MajorVer">1</VersionInfo>
						<VersionInfo Name="MinorVer">0</VersionInfo>
						<VersionInfo Name="Release">0</VersionInfo>
						<VersionInfo Name="Build">0</VersionInfo>
						<VersionInfo Name="Debug">False</VersionInfo>
						<VersionInfo Name="PreRelease">False</VersionInfo>
						<VersionInfo Name="Special">False</VersionInfo>
						<VersionInfo Name="Private">False</VersionInfo>
						<VersionInfo Name="DLL">False</VersionInfo>
						<VersionInfo Name="Locale">1046</VersionInfo>
						<VersionInfo Name="CodePage">1252</VersionInfo>
					</VersionInfo>
					<VersionInfoKeys>
						<VersionInfoKeys Name="CompanyName">Pharma Life - Medicamentos</VersionInfoKeys>
						<VersionInfoKeys Name="FileDescription">Sistema de gerenciamento de farmacias</VersionInfoKeys>
						<VersionInfoKeys Name="FileVersion">1.0.0.0</VersionInfoKeys>
						<VersionInfoKeys Name="InternalName"/>
						<VersionInfoKeys Name="LegalCopyright"/>
						<VersionInfoKeys Name="LegalTrademarks"/>
						<VersionInfoKeys Name="OriginalFilename"/>
						<VersionInfoKeys Name="ProductName"/>
						<VersionInfoKeys Name="ProductVersion">1.0.0.0</VersionInfoKeys>
						<VersionInfoKeys Name="Comments"/>
					</VersionInfoKeys>
					<Parameters>
						<Parameters Name="UseLauncher">False</Parameters>
						<Parameters Name="LoadAllSymbols">True</Parameters>
						<Parameters Name="LoadUnspecifiedSymbols">False</Parameters>
					</Parameters>
					<Excluded_Packages/>
				</Delphi.Personality>
				<Platforms>
					<Platform value="Win32">True</Platform>
				</Platforms>
				<ModelSupport>True</ModelSupport>
			</BorlandProject>
			<ProjectFileVersion>12</ProjectFileVersion>
		</ProjectExtensions>
	</Project>
